
Microsoft Visual Studio Solution File, Format Version 12.00
# Visual Studio Version 16
VisualStudioVersion = 16.0.29025.244
MinimumVisualStudioVersion = 10.0.40219.1
Project("{FAE04EC0-301F-11D3-BF4B-00C04F79EFBC}") = "task1", "task1.csproj", "{2ACD465F-BFE0-49A5-93BE-1AC228FF8F3C}"
EndProject
Global
	GlobalSection(SolutionConfigurationPlatforms) = preSolution
		Debug|Any CPU = Debug|Any CPU
		Release|Any CPU = Release|Any CPU
	EndGlobalSection
	GlobalSection(ProjectConfigurationPlatforms) = postSolution
		{2ACD465F-BFE0-49A5-93BE-1AC228FF8F3C}.Debug|Any CPU.ActiveCfg = Debug|Any CPU
		{2ACD465F-BFE0-49A5-93BE-1AC228FF8F3C}.Debug|Any CPU.Build.0 = Debug|Any CPU
		{2ACD465F-BFE0-49A5-93BE-1AC228FF8F3C}.Release|Any CPU.ActiveCfg = Release|Any CPU
		{2ACD465F-BFE0-49A5-93BE-1AC228FF8F3C}.Release|Any CPU.Build.0 = Release|Any CPU
	EndGlobalSection
	GlobalSection(SolutionProperties) = preSolution
		HideSolutionNode = FALSE
	EndGlobalSection
	GlobalSection(ExtensibilityGlobals) = postSolution
		SolutionGuid = {694584C3-73BF-47DB-A2D6-AC68AC5CB9DB}
	EndGlobalSection
EndGlobal
